// !$*UTF8*$!
{
	archiveVersion = 1;
	classes = {
	};
	objectVersion = 50;
	objects = {

/* Begin PBXBuildFile section */
		4F944EC8254D9CE6001663DE /* ATBasicKit.framework in Frameworks */ = {isa = PBXBuildFile; fileRef = 4F944EBE254D9CE6001663DE /* ATBasicKit.framework */; };
		4F944ECD254D9CE6001663DE /* ATBasicKitTests.swift in Sources */ = {isa = PBXBuildFile; fileRef = 4F944ECC254D9CE6001663DE /* ATBasicKitTests.swift */; };
		4F944ECF254D9CE6001663DE /* ATBasicKit.h in Headers */ = {isa = PBXBuildFile; fileRef = 4F944EC1254D9CE6001663DE /* ATBasicKit.h */; settings = {ATTRIBUTES = (Public, ); }; };
		4F944EDD254D9D60001663DE /* ATNavigationBar.swift in Sources */ = {isa = PBXBuildFile; fileRef = 4F944EDC254D9D60001663DE /* ATNavigationBar.swift */; };
/* End PBXBuildFile section */

/* Begin PBXContainerItemProxy section */
		4F944EC9254D9CE6001663DE /* PBXContainerItemProxy */ = {
			isa = PBXContainerItemProxy;
			containerPortal = 4F944EB5254D9CE6001663DE /* Project object */;
			proxyType = 1;
			remoteGlobalIDString = 4F944EBD254D9CE6001663DE;
			remoteInfo = ATBasicKit;
		};
/* End PBXContainerItemProxy section */

/* Begin PBXFileReference section */
		4F944EBE254D9CE6001663DE /* ATBasicKit.framework */ = {isa = PBXFileReference; explicitFileType = wrapper.framework; includeInIndex = 0; path = ATBasicKit.framework; sourceTree = BUILT_PRODUCTS_DIR; };
		4F944EC1254D9CE6001663DE /* ATBasicKit.h */ = {isa = PBXFileReference; lastKnownFileType = sourcecode.c.h; path = ATBasicKit.h; sourceTree = "<group>"; };
		4F944EC2254D9CE6001663DE /* Info.plist */ = {isa = PBXFileReference; lastKnownFileType = text.plist.xml; path = Info.plist; sourceTree = "<group>"; };
		4F944EC7254D9CE6001663DE /* ATBasicKitTests.xctest */ = {isa = PBXFileReference; explicitFileType = wrapper.cfbundle; includeInIndex = 0; path = ATBasicKitTests.xctest; sourceTree = BUILT_PRODUCTS_DIR; };
		4F944ECC254D9CE6001663DE /* ATBasicKitTests.swift */ = {isa = PBXFileReference; lastKnownFileType = sourcecode.swift; path = ATBasicKitTests.swift; sourceTree = "<group>"; };
		4F944ECE254D9CE6001663DE /* Info.plist */ = {isa = PBXFileReference; lastKnownFileType = text.plist.xml; path = Info.plist; sourceTree = "<group>"; };
		4F944EDC254D9D60001663DE /* ATNavigationBar.swift */ = {isa = PBXFileReference; lastKnownFileType = sourcecode.swift; path = ATNavigationBar.swift; sourceTree = "<group>"; };
/* End PBXFileReference section */

/* Begin PBXFrameworksBuildPhase section */
		4F944EBB254D9CE6001663DE /* Frameworks */ = {
			isa = PBXFrameworksBuildPhase;
			buildActionMask = 2147483647;
			files = (
			);
			runOnlyForDeploymentPostprocessing = 0;
		};
		4F944EC4254D9CE6001663DE /* Frameworks */ = {
			isa = PBXFrameworksBuildPhase;
			buildActionMask = 2147483647;
			files = (
				4F944EC8254D9CE6001663DE /* ATBasicKit.framework in Frameworks */,
			);
			runOnlyForDeploymentPostprocessing = 0;
		};
/* End PBXFrameworksBuildPhase section */

/* Begin PBXGroup section */
		4F944EB4254D9CE6001663DE = {
			isa = PBXGroup;
			children = (
				4F944EC0254D9CE6001663DE /* ATBasicKit */,
				4F944ECB254D9CE6001663DE /* ATBasicKitTests */,
				4F944EBF254D9CE6001663DE /* Products */,
			);
			sourceTree = "<group>";
		};
		4F944EBF254D9CE6001663DE /* Products */ = {
			isa = PBXGroup;
			children = (
				4F944EBE254D9CE6001663DE /* ATBasicKit.framework */,
				4F944EC7254D9CE6001663DE /* ATBasicKitTests.xctest */,
			);
			name = Products;
			sourceTree = "<group>";
		};
		4F944EC0254D9CE6001663DE /* ATBasicKit */ = {
			isa = PBXGroup;
			children = (
				4F944EC1254D9CE6001663DE /* ATBasicKit.h */,
				4F944EC2254D9CE6001663DE /* Info.plist */,
				4F944EDC254D9D60001663DE /* ATNavigationBar.swift */,
			);
			path = ATBasicKit;
			sourceTree = "<group>";
		};
		4F944ECB254D9CE6001663DE /* ATBasicKitTests */ = {
			isa = PBXGroup;
			children = (
				4F944ECC254D9CE6001663DE /* ATBasicKitTests.swift */,
				4F944ECE254D9CE6001663DE /* Info.plist */,
			);
			path = ATBasicKitTests;
			sourceTree = "<group>";
		};
/* End PBXGroup section */

/* Begin PBXHeadersBuildPhase section */
		4F944EB9254D9CE6001663DE /* Headers */ = {
			isa = PBXHeadersBuildPhase;
			buildActionMask = 2147483647;
			files = (
				4F944ECF254D9CE6001663DE /* ATBasicKit.h in Headers */,
			);
			runOnlyForDeploymentPostprocessing = 0;
		};
/* End PBXHeadersBuildPhase section */

/* Begin PBXNativeTarget section */
		4F944EBD254D9CE6001663DE /* ATBasicKit */ = {
			isa = PBXNativeTarget;
			buildConfigurationList = 4F944ED2254D9CE6001663DE /* Build configuration list for PBXNativeTarget "ATBasicKit" */;
			buildPhases = (
				4F944EB9254D9CE6001663DE /* Headers */,
				4F944EBA254D9CE6001663DE /* Sources */,
				4F944EBB254D9CE6001663DE /* Frameworks */,
				4F944EBC254D9CE6001663DE /* Resources */,
			);
			buildRules = (
			);
			dependencies = (
			);
			name = ATBasicKit;
			productName = ATBasicKit;
			productReference = 4F944EBE254D9CE6001663DE /* ATBasicKit.framework */;
			productType = "com.apple.product-type.framework";
		};
		4F944EC6254D9CE6001663DE /* ATBasicKitTests */ = {
			isa = PBXNativeTarget;
			buildConfigurationList = 4F944ED5254D9CE6001663DE /* Build configuration list for PBXNativeTarget "ATBasicKitTests" */;
			buildPhases = (
				4F944EC3254D9CE6001663DE /* Sources */,
				4F944EC4254D9CE6001663DE /* Frameworks */,
				4F944EC5254D9CE6001663DE /* Resources */,
			);
			buildRules = (
			);
			dependencies = (
				4F944ECA254D9CE6001663DE /* PBXTargetDependency */,
			);
			name = ATBasicKitTests;
			productName = ATBasicKitTests;
			productReference = 4F944EC7254D9CE6001663DE /* ATBasicKitTests.xctest */;
			productType = "com.apple.product-type.bundle.unit-test";
		};
/* End PBXNativeTarget section */

/* Begin PBXProject section */
		4F944EB5254D9CE6001663DE /* Project object */ = {
			isa = PBXProject;
			attributes = {
				LastSwiftUpdateCheck = 1200;
				LastUpgradeCheck = 1200;
				TargetAttributes = {
					4F944EBD254D9CE6001663DE = {
						CreatedOnToolsVersion = 12.0.1;
						LastSwiftMigration = 1200;
					};
					4F944EC6254D9CE6001663DE = {
						CreatedOnToolsVersion = 12.0.1;
					};
				};
			};
			buildConfigurationList = 4F944EB8254D9CE6001663DE /* Build configuration list for PBXProject "ATBasicKit" */;
			compatibilityVersion = "Xcode 9.3";
			developmentRegion = en;
			hasScannedForEncodings = 0;
			knownRegions = (
				en,
				Base,
			);
			mainGroup = 4F944EB4254D9CE6001663DE;
			productRefGroup = 4F944EBF254D9CE6001663DE /* Products */;
			projectDirPath = "";
			projectRoot = "";
			targets = (
				4F944EBD254D9CE6001663DE /* ATBasicKit */,
				4F944EC6254D9CE6001663DE /* ATBasicKitTests */,
			);
		};
/* End PBXProject section */

/* Begin PBXResourcesBuildPhase section */
		4F944EBC254D9CE6001663DE /* Resources */ = {
			isa = PBXResourcesBuildPhase;
			buildActionMask = 2147483647;
			files = (
			);
			runOnlyForDeploymentPostprocessing = 0;
		};
		4F944EC5254D9CE6001663DE /* Resources */ = {
			isa = PBXResourcesBuildPhase;
			buildActionMask = 2147483647;
			files = (
			);
			runOnlyForDeploymentPostprocessing = 0;
		};
/* End PBXResourcesBuildPhase section */

/* Begin PBXSourcesBuildPhase section */
		4F944EBA254D9CE6001663DE /* Sources */ = {
			isa = PBXSourcesBuildPhase;
			buildActionMask = 2147483647;
			files = (
				4F944EDD254D9D60001663DE /* ATNavigationBar.swift in Sources */,
			);
			runOnlyForDeploymentPostprocessing = 0;
		};
		4F944EC3254D9CE6001663DE /* Sources */ = {
			isa = PBXSourcesBuildPhase;
			buildActionMask = 2147483647;
			files = (
				4F944ECD254D9CE6001663DE /* ATBasicKitTests.swift in Sources */,
			);
			runOnlyForDeploymentPostprocessing = 0;
		};
/* End PBXSourcesBuildPhase section */

/* Begin PBXTargetDependency section */
		4F944ECA254D9CE6001663DE /* PBXTargetDependency */ = {
			isa = PBXTargetDependency;
			target = 4F944EBD254D9CE6001663DE /* ATBasicKit */;
			targetProxy = 4F944EC9254D9CE6001663DE /* PBXContainerItemProxy */;
		};
/* End PBXTargetDependency section */

/* Begin XCBuildConfiguration section */
		4F944ED0254D9CE6001663DE /* Debug */ = {
			isa = XCBuildConfiguration;
			buildSettings = {
				ALWAYS_SEARCH_USER_PATHS = NO;
				CLANG_ANALYZER_NONNULL = YES;
				CLANG_ANALYZER_NUMBER_OBJECT_CONVERSION = YES_AGGRESSIVE;
				CLANG_CXX_LANGUAGE_STANDARD = "gnu++14";
				CLANG_CXX_LIBRARY = "libc++";
				CLANG_ENABLE_MODULES = YES;
				CLANG_ENABLE_OBJC_ARC = YES;
				CLANG_ENABLE_OBJC_WEAK = YES;
				CLANG_WARN_BLOCK_CAPTURE_AUTORELEASING = YES;
				CLANG_WARN_BOOL_CONVERSION = YES;
				CLANG_WARN_COMMA = YES;
				CLANG_WARN_CONSTANT_CONVERSION = YES;
				CLANG_WARN_DEPRECATED_OBJC_IMPLEMENTATIONS = YES;
				CLANG_WARN_DIRECT_OBJC_ISA_USAGE = YES_ERROR;
				CLANG_WARN_DOCUMENTATION_COMMENTS = YES;
				CLANG_WARN_EMPTY_BODY = YES;
				CLANG_WARN_ENUM_CONVERSION = YES;
				CLANG_WARN_INFINITE_RECURSION = YES;
				CLANG_WARN_INT_CONVERSION = YES;
				CLANG_WARN_NON_LITERAL_NULL_CONVERSION = YES;
				CLANG_WARN_OBJC_IMPLICIT_RETAIN_SELF = YES;
				CLANG_WARN_OBJC_LITERAL_CONVERSION = YES;
				CLANG_WARN_OBJC_ROOT_CLASS = YES_ERROR;
				CLANG_WARN_QUOTED_INCLUDE_IN_FRAMEWORK_HEADER = YES;
				CLANG_WARN_RANGE_LOOP_ANALYSIS = YES;
				CLANG_WARN_STRICT_PROTOTYPES = YES;
				CLANG_WARN_SUSPICIOUS_MOVE = YES;
				CLANG_WARN_UNGUARDED_AVAILABILITY = YES_AGGRESSIVE;
				CLANG_WARN_UNREACHABLE_CODE = YES;
				CLANG_WARN__DUPLICATE_METHOD_MATCH = YES;
				COPY_PHASE_STRIP = NO;
				CURRENT_PROJECT_VERSION = 1;
				DEBUG_INFORMATION_FORMAT = dwarf;
				ENABLE_STRICT_OBJC_MSGSEND = YES;
				ENABLE_TESTABILITY = YES;
				GCC_C_LANGUAGE_STANDARD = gnu11;
				GCC_DYNAMIC_NO_PIC = NO;
				GCC_NO_COMMON_BLOCKS = YES;
				GCC_OPTIMIZATION_LEVEL = 0;
				GCC_PREPROCESSOR_DEFINITIONS = (
					"DEBUG=1",
					"$(inherited)",
				);
				GCC_WARN_64_TO_32_BIT_CONVERSION = YES;
				GCC_WARN_ABOUT_RETURN_TYPE = YES_ERROR;
				GCC_WARN_UNDECLARED_SELECTOR = YES;
				GCC_WARN_UNINITIALIZED_AUTOS = YES_AGGRESSIVE;
				GCC_WARN_UNUSED_FUNCTION = YES;
				GCC_WARN_UNUSED_VARIABLE = YES;
				IPHONEOS_DEPLOYMENT_TARGET = 14.0;
				MTL_ENABLE_DEBUG_INFO = INCLUDE_SOURCE;
				MTL_FAST_MATH = YES;
				ONLY_ACTIVE_ARCH = YES;
				SDKROOT = iphoneos;
				SWIFT_ACTIVE_COMPILATION_CONDITIONS = DEBUG;
				SWIFT_OPTIMIZATION_LEVEL = "-Onone";
				VERSIONING_SYSTEM = "apple-generic";
				VERSION_INFO_PREFIX = "";
			};
			name = Debug;
		};
		4F944ED1254D9CE6001663DE /* Release */ = {
			isa = XCBuildConfiguration;
			buildSettings = {
				ALWAYS_SEARCH_USER_PATHS = NO;
				CLANG_ANALYZER_NONNULL = YES;
				CLANG_ANALYZER_NUMBER_OBJECT_CONVERSION = YES_AGGRESSIVE;
				CLANG_CXX_LANGUAGE_STANDARD = "gnu++14";
				CLANG_CXX_LIBRARY = "libc++";
				CLANG_ENABLE_MODULES = YES;
				CLANG_ENABLE_OBJC_ARC = YES;
				CLANG_ENABLE_OBJC_WEAK = YES;
				CLANG_WARN_BLOCK_CAPTURE_AUTORELEASING = YES;
				CLANG_WARN_BOOL_CONVERSION = YES;
				CLANG_WARN_COMMA = YES;
				CLANG_WARN_CONSTANT_CONVERSION = YES;
				CLANG_WARN_DEPRECATED_OBJC_IMPLEMENTATIONS = YES;
				CLANG_WARN_DIRECT_OBJC_ISA_USAGE = YES_ERROR;
				CLANG_WARN_DOCUMENTATION_COMMENTS = YES;
				CLANG_WARN_EMPTY_BODY = YES;
				CLANG_WARN_ENUM_CONVERSION = YES;
				CLANG_WARN_INFINITE_RECURSION = YES;
				CLANG_WARN_INT_CONVERSION = YES;
				CLANG_WARN_NON_LITERAL_NULL_CONVERSION = YES;
				CLANG_WARN_OBJC_IMPLICIT_RETAIN_SELF = YES;
				CLANG_WARN_OBJC_LITERAL_CONVERSION = YES;
				CLANG_WARN_OBJC_ROOT_CLASS = YES_ERROR;
				CLANG_WARN_QUOTED_INCLUDE_IN_FRAMEWORK_HEADER = YES;
				CLANG_WARN_RANGE_LOOP_ANALYSIS = YES;
				CLANG_WARN_STRICT_PROTOTYPES = YES;
				CLANG_WARN_SUSPICIOUS_MOVE = YES;
				CLANG_WARN_UNGUARDED_AVAILABILITY = YES_AGGRESSIVE;
				CLANG_WARN_UNREACHABLE_CODE = YES;
				CLANG_WARN__DUPLICATE_METHOD_MATCH = YES;
				COPY_PHASE_STRIP = NO;
				CURRENT_PROJECT_VERSION = 1;
				DEBUG_INFORMATION_FORMAT = "dwarf-with-dsym";
				ENABLE_NS_ASSERTIONS = NO;
				ENABLE_STRICT_OBJC_MSGSEND = YES;
				GCC_C_LANGUAGE_STANDARD = gnu11;
				GCC_NO_COMMON_BLOCKS = YES;
				GCC_WARN_64_TO_32_BIT_CONVERSION = YES;
				GCC_WARN_ABOUT_RETURN_TYPE = YES_ERROR;
				GCC_WARN_UNDECLARED_SELECTOR = YES;
				GCC_WARN_UNINITIALIZED_AUTOS = YES_AGGRESSIVE;
				GCC_WARN_UNUSED_FUNCTION = YES;
				GCC_WARN_UNUSED_VARIABLE = YES;
				IPHONEOS_DEPLOYMENT_TARGET = 14.0;
				MTL_ENABLE_DEBUG_INFO = NO;
				MTL_FAST_MATH = YES;
				SDKROOT = iphoneos;
				SWIFT_COMPILATION_MODE = wholemodule;
				SWIFT_OPTIMIZATION_LEVEL = "-O";
				VALIDATE_PRODUCT = YES;
				VERSIONING_SYSTEM = "apple-generic";
				VERSION_INFO_PREFIX = "";
			};
			name = Release;
		};
		4F944ED3254D9CE6001663DE /* Debug */ = {
			isa = XCBuildConfiguration;
			buildSettings = {
				CLANG_ENABLE_MODULES = YES;
				CODE_SIGN_STYLE = Automatic;
				DEFINES_MODULE = YES;
				DYLIB_COMPATIBILITY_VERSION = 1;
				DYLIB_CURRENT_VERSION = 1;
				DYLIB_INSTALL_NAME_BASE = "@rpath";
				INFOPLIST_FILE = ATBasicKit/Info.plist;
				INSTALL_PATH = "$(LOCAL_LIBRARY_DIR)/Frameworks";
				LD_RUNPATH_SEARCH_PATHS = (
					"$(inherited)",
					"@executable_path/Frameworks",
					"@loader_path/Frameworks",
				);
				PRODUCT_BUNDLE_IDENTIFIER = AngaoTu.ATBasicKit;
				PRODUCT_NAME = "$(TARGET_NAME:c99extidentifier)";
				SKIP_INSTALL = YES;
				SWIFT_OPTIMIZATION_LEVEL = "-Onone";
				SWIFT_VERSION = 5.0;
				TARGETED_DEVICE_FAMILY = "1,2";
			};
			name = Debug;
		};
		4F944ED4254D9CE6001663DE /* Release */ = {
			isa = XCBuildConfiguration;
			buildSettings = {
				CLANG_ENABLE_MODULES = YES;
				CODE_SIGN_STYLE = Automatic;
				DEFINES_MODULE = YES;
				DYLIB_COMPATIBILITY_VERSION = 1;
				DYLIB_CURRENT_VERSION = 1;
				DYLIB_INSTALL_NAME_BASE = "@rpath";
				INFOPLIST_FILE = ATBasicKit/Info.plist;
				INSTALL_PATH = "$(LOCAL_LIBRARY_DIR)/Frameworks";
				LD_RUNPATH_SEARCH_PATHS = (
					"$(inherited)",
					"@executable_path/Frameworks",
					"@loader_path/Frameworks",
				);
				PRODUCT_BUNDLE_IDENTIFIER = AngaoTu.ATBasicKit;
				PRODUCT_NAME = "$(TARGET_NAME:c99extidentifier)";
				SKIP_INSTALL = YES;
				SWIFT_VERSION = 5.0;
				TARGETED_DEVICE_FAMILY = "1,2";
			};
			name = Release;
		};
		4F944ED6254D9CE6001663DE /* Debug */ = {
			isa = XCBuildConfiguration;
			buildSettings = {
				ALWAYS_EMBED_SWIFT_STANDARD_LIBRARIES = YES;
				CODE_SIGN_STYLE = Automatic;
				INFOPLIST_FILE = ATBasicKitTests/Info.plist;
				LD_RUNPATH_SEARCH_PATHS = (
					"$(inherited)",
					"@executable_path/Frameworks",
					"@loader_path/Frameworks",
				);
				PRODUCT_BUNDLE_IDENTIFIER = AngaoTu.ATBasicKitTests;
				PRODUCT_NAME = "$(TARGET_NAME)";
				SWIFT_VERSION = 5.0;
				TARGETED_DEVICE_FAMILY = "1,2";
			};
			name = Debug;
		};
		4F944ED7254D9CE6001663DE /* Release */ = {
			isa = XCBuildConfiguration;
			buildSettings = {
				ALWAYS_EMBED_SWIFT_STANDARD_LIBRARIES = YES;
				CODE_SIGN_STYLE = Automatic;
				INFOPLIST_FILE = ATBasicKitTests/Info.plist;
				LD_RUNPATH_SEARCH_PATHS = (
					"$(inherited)",
					"@executable_path/Frameworks",
					"@loader_path/Frameworks",
				);
				PRODUCT_BUNDLE_IDENTIFIER = AngaoTu.ATBasicKitTests;
				PRODUCT_NAME = "$(TARGET_NAME)";
				SWIFT_VERSION = 5.0;
				TARGETED_DEVICE_FAMILY = "1,2";
			};
			name = Release;
		};
/* End XCBuildConfiguration section */

/* Begin XCConfigurationList section */
		4F944EB8254D9CE6001663DE /* Build configuration list for PBXProject "ATBasicKit" */ = {
			isa = XCConfigurationList;
			buildConfigurations = (
				4F944ED0254D9CE6001663DE /* Debug */,
				4F944ED1254D9CE6001663DE /* Release */,
			);
			defaultConfigurationIsVisible = 0;
			defaultConfigurationName = Release;
		};
		4F944ED2254D9CE6001663DE /* Build configuration list for PBXNativeTarget "ATBasicKit" */ = {
			isa = XCConfigurationList;
			buildConfigurations = (
				4F944ED3254D9CE6001663DE /* Debug */,
				4F944ED4254D9CE6001663DE /* Release */,
			);
			defaultConfigurationIsVisible = 0;
			defaultConfigurationName = Release;
		};
		4F944ED5254D9CE6001663DE /* Build configuration list for PBXNativeTarget "ATBasicKitTests" */ = {
			isa = XCConfigurationList;
			buildConfigurations = (
				4F944ED6254D9CE6001663DE /* Debug */,
				4F944ED7254D9CE6001663DE /* Release */,
			);
			defaultConfigurationIsVisible = 0;
			defaultConfigurationName = Release;
		};
/* End XCConfigurationList section */
	};
	rootObject = 4F944EB5254D9CE6001663DE /* Project object */;
}
